
Microsoft Visual Studio Solution File, Format Version 12.00
# Visual Studio 15
VisualStudioVersion = 15.0.28307.438
MinimumVisualStudioVersion = 10.0.40219.1
Project("{FAE04EC0-301F-11D3-BF4B-00C04F79EFBC}") = "WordBox", "WordBox\WordBox.csproj", "{73EA5FE5-E49E-45A9-BE66-4D592EEB672B}"
EndProject
Global
	GlobalSection(SolutionConfigurationPlatforms) = preSolution
		Debug|Any CPU = Debug|Any CPU
		Release|Any CPU = Release|Any CPU
	EndGlobalSection
	GlobalSection(ProjectConfigurationPlatforms) = postSolution
		{73EA5FE5-E49E-45A9-BE66-4D592EEB672B}.Debug|Any CPU.ActiveCfg = Debug|Any CPU
		{73EA5FE5-E49E-45A9-BE66-4D592EEB672B}.Debug|Any CPU.Build.0 = Debug|Any CPU
		{73EA5FE5-E49E-45A9-BE66-4D592EEB672B}.Release|Any CPU.ActiveCfg = Release|Any CPU
		{73EA5FE5-E49E-45A9-BE66-4D592EEB672B}.Release|Any CPU.Build.0 = Release|Any CPU
	EndGlobalSection
	GlobalSection(SolutionProperties) = preSolution
		HideSolutionNode = FALSE
	EndGlobalSection
	GlobalSection(ExtensibilityGlobals) = postSolution
		SolutionGuid = {6E1DDBAC-95F0-4C0E-90E2-C24BF19140A2}
	EndGlobalSection
EndGlobal
